# This file is autogenerated, do not edit; changes may be undone by the next 'dep ensure'.


[[projects]]
  branch = "master"
  name = "github.com/horogo/horo"
  packages = ["."]
  revision = "c47eed74e80bc83bb9f5e6e05384e48f25423a22"

[[projects]]
  branch = "master"
  name = "github.com/horogo/horo-log"
  packages = ["."]
  revision = "b59815f7bbe1e4c53b0eb371eef43252961ca582"

[[projects]]
  branch = "master"
  name = "golang.org/x/crypto"
  packages = [
    "ed25519",
    "ed25519/internal/edwards25519"
  ]
  revision = "8b1d31080a7692e075c4681cb2458454a1fe0706"

[[projects]]
  name = "gopkg.in/square/go-jose.v2"
  packages = [
    ".",
    "cipher",
    "json",
    "jwt"
  ]
  revision = "76dd09796242edb5b897103a75df2645c028c960"
  version = "v2.1.6"

[solve-meta]
  analyzer-name = "dep"
  analyzer-version = 1
  inputs-digest = "c8328993f3999a6008dfe141178a9a22cc517b54fbe8ad52f017fdfff937ae6d"
  solver-name = "gps-cdcl"
  solver-version = 1
